
Microsoft Visual Studio Solution File, Format Version 12.00
# Visual Studio Version 17
VisualStudioVersion = 17.5.002.0
MinimumVisualStudioVersion = 10.0.40219.1
Project("{9A19103F-16F7-4668-BE54-9A1E7A4F7556}") = "Task.1", "Task.1\Task.1.csproj", "{AC5AF1FD-CC07-4A5A-9981-B2386E08BFDC}"
EndProject
Project("{FAE04EC0-301F-11D3-BF4B-00C04F79EFBC}") = "Task.2", "Task.2\Task.2.csproj", "{4F2E3A9B-3DDA-41F2-A0AF-2A12C949DC9A}"
EndProject
Project("{FAE04EC0-301F-11D3-BF4B-00C04F79EFBC}") = "Task.3", "Task.3\Task.3.csproj", "{3D157389-5C1D-445E-B2D6-22CD7C391B30}"
EndProject
Global
	GlobalSection(SolutionConfigurationPlatforms) = preSolution
		Debug|Any CPU = Debug|Any CPU
		Release|Any CPU = Release|Any CPU
	EndGlobalSection
	GlobalSection(ProjectConfigurationPlatforms) = postSolution
		{AC5AF1FD-CC07-4A5A-9981-B2386E08BFDC}.Debug|Any CPU.ActiveCfg = Debug|Any CPU
		{AC5AF1FD-CC07-4A5A-9981-B2386E08BFDC}.Debug|Any CPU.Build.0 = Debug|Any CPU
		{AC5AF1FD-CC07-4A5A-9981-B2386E08BFDC}.Release|Any CPU.ActiveCfg = Release|Any CPU
		{AC5AF1FD-CC07-4A5A-9981-B2386E08BFDC}.Release|Any CPU.Build.0 = Release|Any CPU
		{4F2E3A9B-3DDA-41F2-A0AF-2A12C949DC9A}.Debug|Any CPU.ActiveCfg = Debug|Any CPU
		{4F2E3A9B-3DDA-41F2-A0AF-2A12C949DC9A}.Debug|Any CPU.Build.0 = Debug|Any CPU
		{4F2E3A9B-3DDA-41F2-A0AF-2A12C949DC9A}.Release|Any CPU.ActiveCfg = Release|Any CPU
		{4F2E3A9B-3DDA-41F2-A0AF-2A12C949DC9A}.Release|Any CPU.Build.0 = Release|Any CPU
		{3D157389-5C1D-445E-B2D6-22CD7C391B30}.Debug|Any CPU.ActiveCfg = Debug|Any CPU
		{3D157389-5C1D-445E-B2D6-22CD7C391B30}.Debug|Any CPU.Build.0 = Debug|Any CPU
		{3D157389-5C1D-445E-B2D6-22CD7C391B30}.Release|Any CPU.ActiveCfg = Release|Any CPU
		{3D157389-5C1D-445E-B2D6-22CD7C391B30}.Release|Any CPU.Build.0 = Release|Any CPU
	EndGlobalSection
	GlobalSection(SolutionProperties) = preSolution
		HideSolutionNode = FALSE
	EndGlobalSection
	GlobalSection(ExtensibilityGlobals) = postSolution
		SolutionGuid = {9F9798CB-1FB9-469A-8F86-2504DF58293A}
	EndGlobalSection
EndGlobal
